{
  "name": "vfr-green-map",
  "version": "1.0.0",
  "lockfileVersion": 1,
  "requires": true,
  "dependencies": {
    "@types/jquery": {
      "version": "3.3.36",
      "resolved": "https://registry.npmjs.org/@types/jquery/-/jquery-3.3.36.tgz",
      "integrity": "sha1-qGjBwkSp97mI2PxWoyNPIuc8V7g=",
      "requires": {
        "@types/sizzle": "*"
      }
    },
    "@types/sizzle": {
      "version": "2.3.2",
      "resolved": "https://registry.npmjs.org/@types/sizzle/-/sizzle-2.3.2.tgz",
      "integrity": "sha1-qBG4wY4rq6t9VCszZYh64uTZ3kc="
    },
    "coordinates": {
      "version": "file:../coordinates/coordinates-1.0.0.tgz",
      "integrity": "sha512-Pk5REUBi20AacN+m0hiS3ecWoD1aOL+PRq5ZCxfv/4x1D8X2F3yT4EsaJU9latHnpSWpVZaTvy4PzbbCglm4MA=="
    },
    "jquery": {
      "version": "3.5.0",
      "resolved": "https://registry.npmjs.org/jquery/-/jquery-3.5.0.tgz",
      "integrity": "sha1-mYC5fZ5BlGEcNlMOfcRqWNc0D8k="
    },
    "jquery-mousewheel": {
      "version": "3.1.13",
      "resolved": "https://registry.npmjs.org/jquery-mousewheel/-/jquery-mousewheel-3.1.13.tgz",
      "integrity": "sha1-BvAzXxbjU6aV5yBr9QUDy1I6buU="
    }
  }
}
